
Microsoft Visual Studio Solution File, Format Version 12.00
# Visual Studio Version 16
VisualStudioVersion = 16.0.31624.102
MinimumVisualStudioVersion = 10.0.40219.1
Project("{FAE04EC0-301F-11D3-BF4B-00C04F79EFBC}") = "NDeHaro.SingASong", "DeHaro.SingASong\NDeHaro.SingASong.csproj", "{D8C314A3-E554-4E78-97F0-10D1EC9498E7}"
EndProject
Project("{FAE04EC0-301F-11D3-BF4B-00C04F79EFBC}") = "DeHaro.SingASong.Tests", "DeHaro.SingASong.Tests\DeHaro.SingASong.Tests.csproj", "{F839A73A-FDFF-4E21-9201-EA71B9200B62}"
EndProject
Global
	GlobalSection(SolutionConfigurationPlatforms) = preSolution
		Debug|Any CPU = Debug|Any CPU
		Release|Any CPU = Release|Any CPU
	EndGlobalSection
	GlobalSection(ProjectConfigurationPlatforms) = postSolution
		{D8C314A3-E554-4E78-97F0-10D1EC9498E7}.Debug|Any CPU.ActiveCfg = Debug|Any CPU
		{D8C314A3-E554-4E78-97F0-10D1EC9498E7}.Debug|Any CPU.Build.0 = Debug|Any CPU
		{D8C314A3-E554-4E78-97F0-10D1EC9498E7}.Release|Any CPU.ActiveCfg = Release|Any CPU
		{D8C314A3-E554-4E78-97F0-10D1EC9498E7}.Release|Any CPU.Build.0 = Release|Any CPU
		{F839A73A-FDFF-4E21-9201-EA71B9200B62}.Debug|Any CPU.ActiveCfg = Debug|Any CPU
		{F839A73A-FDFF-4E21-9201-EA71B9200B62}.Debug|Any CPU.Build.0 = Debug|Any CPU
		{F839A73A-FDFF-4E21-9201-EA71B9200B62}.Release|Any CPU.ActiveCfg = Release|Any CPU
		{F839A73A-FDFF-4E21-9201-EA71B9200B62}.Release|Any CPU.Build.0 = Release|Any CPU
	EndGlobalSection
	GlobalSection(SolutionProperties) = preSolution
		HideSolutionNode = FALSE
	EndGlobalSection
	GlobalSection(ExtensibilityGlobals) = postSolution
		SolutionGuid = {269C80A2-C876-475A-8D14-7B07AE15AAE5}
	EndGlobalSection
EndGlobal
